// !$*UTF8*$!
{
	archiveVersion = 1;
	classes = {
	};
	objectVersion = 48;
	objects = {

/* Begin PBXBuildFile section */
		40267288203026C400F50E48 /* someLib.swift in Sources */ = {isa = PBXBuildFile; fileRef = 40267287203026C400F50E48 /* someLib.swift */; };
		4026729F203035FC00F50E48 /* test_LR12.swift in Sources */ = {isa = PBXBuildFile; fileRef = 4026728F2030340F00F50E48 /* test_LR12.swift */; };
		40F6443420300A8900AA7EF8 /* main.swift in Sources */ = {isa = PBXBuildFile; fileRef = 40F6443320300A8900AA7EF8 /* main.swift */; };
/* End PBXBuildFile section */

/* Begin PBXCopyFilesBuildPhase section */
		40F6442E20300A8900AA7EF8 /* CopyFiles */ = {
			isa = PBXCopyFilesBuildPhase;
			buildActionMask = 2147483647;
			dstPath = /usr/share/man/man1/;
			dstSubfolderSpec = 0;
			files = (
			);
			runOnlyForDeploymentPostprocessing = 1;
		};
/* End PBXCopyFilesBuildPhase section */

/* Begin PBXFileReference section */
		40267287203026C400F50E48 /* someLib.swift */ = {isa = PBXFileReference; lastKnownFileType = sourcecode.swift; path = someLib.swift; sourceTree = "<group>"; };
		4026728D2030340F00F50E48 /* test_LR12.xctest */ = {isa = PBXFileReference; explicitFileType = wrapper.cfbundle; includeInIndex = 0; path = test_LR12.xctest; sourceTree = BUILT_PRODUCTS_DIR; };
		4026728F2030340F00F50E48 /* test_LR12.swift */ = {isa = PBXFileReference; lastKnownFileType = sourcecode.swift; path = test_LR12.swift; sourceTree = "<group>"; };
		402672912030340F00F50E48 /* Info.plist */ = {isa = PBXFileReference; lastKnownFileType = text.plist.xml; path = Info.plist; sourceTree = "<group>"; };
		40F6443020300A8900AA7EF8 /* LR12 */ = {isa = PBXFileReference; explicitFileType = "compiled.mach-o.executable"; includeInIndex = 0; path = LR12; sourceTree = BUILT_PRODUCTS_DIR; };
		40F6443320300A8900AA7EF8 /* main.swift */ = {isa = PBXFileReference; lastKnownFileType = sourcecode.swift; path = main.swift; sourceTree = "<group>"; };
/* End PBXFileReference section */

/* Begin PBXFrameworksBuildPhase section */
		4026728A2030340F00F50E48 /* Frameworks */ = {
			isa = PBXFrameworksBuildPhase;
			buildActionMask = 2147483647;
			files = (
			);
			runOnlyForDeploymentPostprocessing = 0;
		};
		40F6442D20300A8900AA7EF8 /* Frameworks */ = {
			isa = PBXFrameworksBuildPhase;
			buildActionMask = 2147483647;
			files = (
			);
			runOnlyForDeploymentPostprocessing = 0;
		};
/* End PBXFrameworksBuildPhase section */

/* Begin PBXGroup section */
		4026728E2030340F00F50E48 /* test_LR12 */ = {
			isa = PBXGroup;
			children = (
				4026728F2030340F00F50E48 /* test_LR12.swift */,
				402672912030340F00F50E48 /* Info.plist */,
			);
			path = test_LR12;
			sourceTree = "<group>";
		};
		40F6442720300A8900AA7EF8 = {
			isa = PBXGroup;
			children = (
				40F6443220300A8900AA7EF8 /* LR12 */,
				4026728E2030340F00F50E48 /* test_LR12 */,
				40F6443120300A8900AA7EF8 /* Products */,
			);
			sourceTree = "<group>";
		};
		40F6443120300A8900AA7EF8 /* Products */ = {
			isa = PBXGroup;
			children = (
				40F6443020300A8900AA7EF8 /* LR12 */,
				4026728D2030340F00F50E48 /* test_LR12.xctest */,
			);
			name = Products;
			sourceTree = "<group>";
		};
		40F6443220300A8900AA7EF8 /* LR12 */ = {
			isa = PBXGroup;
			children = (
				40F6443320300A8900AA7EF8 /* main.swift */,
				40267287203026C400F50E48 /* someLib.swift */,
			);
			path = LR12;
			sourceTree = "<group>";
		};
/* End PBXGroup section */

/* Begin PBXNativeTarget section */
		4026728C2030340F00F50E48 /* test_LR12 */ = {
			isa = PBXNativeTarget;
			buildConfigurationList = 402672922030340F00F50E48 /* Build configuration list for PBXNativeTarget "test_LR12" */;
			buildPhases = (
				402672892030340F00F50E48 /* Sources */,
				4026728A2030340F00F50E48 /* Frameworks */,
				4026728B2030340F00F50E48 /* Resources */,
			);
			buildRules = (
			);
			dependencies = (
			);
			name = test_LR12;
			productName = test_LR12;
			productReference = 4026728D2030340F00F50E48 /* test_LR12.xctest */;
			productType = "com.apple.product-type.bundle.unit-test";
		};
		40F6442F20300A8900AA7EF8 /* LR12 */ = {
			isa = PBXNativeTarget;
			buildConfigurationList = 40F6443720300A8900AA7EF8 /* Build configuration list for PBXNativeTarget "LR12" */;
			buildPhases = (
				40F6442C20300A8900AA7EF8 /* Sources */,
				40F6442D20300A8900AA7EF8 /* Frameworks */,
				40F6442E20300A8900AA7EF8 /* CopyFiles */,
			);
			buildRules = (
			);
			dependencies = (
			);
			name = LR12;
			productName = LR12;
			productReference = 40F6443020300A8900AA7EF8 /* LR12 */;
			productType = "com.apple.product-type.tool";
		};
/* End PBXNativeTarget section */

/* Begin PBXProject section */
		40F6442820300A8900AA7EF8 /* Project object */ = {
			isa = PBXProject;
			attributes = {
				LastSwiftUpdateCheck = 0920;
				LastUpgradeCheck = 0920;
				ORGANIZATIONNAME = Marty;
				TargetAttributes = {
					4026728C2030340F00F50E48 = {
						CreatedOnToolsVersion = 9.2;
						ProvisioningStyle = Automatic;
					};
					40F6442F20300A8900AA7EF8 = {
						CreatedOnToolsVersion = 9.2;
						ProvisioningStyle = Automatic;
					};
				};
			};
			buildConfigurationList = 40F6442B20300A8900AA7EF8 /* Build configuration list for PBXProject "LR12" */;
			compatibilityVersion = "Xcode 8.0";
			developmentRegion = en;
			hasScannedForEncodings = 0;
			knownRegions = (
				en,
			);
			mainGroup = 40F6442720300A8900AA7EF8;
			productRefGroup = 40F6443120300A8900AA7EF8 /* Products */;
			projectDirPath = "";
			projectRoot = "";
			targets = (
				40F6442F20300A8900AA7EF8 /* LR12 */,
				4026728C2030340F00F50E48 /* test_LR12 */,
			);
		};
/* End PBXProject section */

/* Begin PBXResourcesBuildPhase section */
		4026728B2030340F00F50E48 /* Resources */ = {
			isa = PBXResourcesBuildPhase;
			buildActionMask = 2147483647;
			files = (
			);
			runOnlyForDeploymentPostprocessing = 0;
		};
/* End PBXResourcesBuildPhase section */

/* Begin PBXSourcesBuildPhase section */
		402672892030340F00F50E48 /* Sources */ = {
			isa = PBXSourcesBuildPhase;
			buildActionMask = 2147483647;
			files = (
				4026729F203035FC00F50E48 /* test_LR12.swift in Sources */,
			);
			runOnlyForDeploymentPostprocessing = 0;
		};
		40F6442C20300A8900AA7EF8 /* Sources */ = {
			isa = PBXSourcesBuildPhase;
			buildActionMask = 2147483647;
			files = (
				40F6443420300A8900AA7EF8 /* main.swift in Sources */,
				40267288203026C400F50E48 /* someLib.swift in Sources */,
			);
			runOnlyForDeploymentPostprocessing = 0;
		};
/* End PBXSourcesBuildPhase section */

/* Begin XCBuildConfiguration section */
		402672932030340F00F50E48 /* Debug */ = {
			isa = XCBuildConfiguration;
			buildSettings = {
				CODE_SIGN_STYLE = Automatic;
				COMBINE_HIDPI_IMAGES = YES;
				DEVELOPMENT_TEAM = 35DL4KA652;
				INFOPLIST_FILE = test_LR12/Info.plist;
				LD_RUNPATH_SEARCH_PATHS = "$(inherited) @executable_path/../Frameworks @loader_path/../Frameworks";
				PRODUCT_BUNDLE_IDENTIFIER = "MTY.test-LR12";
				PRODUCT_NAME = "$(TARGET_NAME)";
				SWIFT_VERSION = 4.0;
			};
			name = Debug;
		};
		402672942030340F00F50E48 /* Release */ = {
			isa = XCBuildConfiguration;
			buildSettings = {
				CODE_SIGN_STYLE = Automatic;
				COMBINE_HIDPI_IMAGES = YES;
				DEVELOPMENT_TEAM = 35DL4KA652;
				INFOPLIST_FILE = test_LR12/Info.plist;
				LD_RUNPATH_SEARCH_PATHS = "$(inherited) @executable_path/../Frameworks @loader_path/../Frameworks";
				PRODUCT_BUNDLE_IDENTIFIER = "MTY.test-LR12";
				PRODUCT_NAME = "$(TARGET_NAME)";
				SWIFT_VERSION = 4.0;
			};
			name = Release;
		};
		40F6443520300A8900AA7EF8 /* Debug */ = {
			isa = XCBuildConfiguration;
			buildSettings = {
				ALWAYS_SEARCH_USER_PATHS = NO;
				CLANG_ANALYZER_NONNULL = YES;
				CLANG_ANALYZER_NUMBER_OBJECT_CONVERSION = YES_AGGRESSIVE;
				CLANG_CXX_LANGUAGE_STANDARD = "gnu++14";
				CLANG_CXX_LIBRARY = "libc++";
				CLANG_ENABLE_MODULES = YES;
				CLANG_ENABLE_OBJC_ARC = YES;
				CLANG_WARN_BLOCK_CAPTURE_AUTORELEASING = YES;
				CLANG_WARN_BOOL_CONVERSION = YES;
				CLANG_WARN_COMMA = YES;
				CLANG_WARN_CONSTANT_CONVERSION = YES;
				CLANG_WARN_DIRECT_OBJC_ISA_USAGE = YES_ERROR;
				CLANG_WARN_DOCUMENTATION_COMMENTS = YES;
				CLANG_WARN_EMPTY_BODY = YES;
				CLANG_WARN_ENUM_CONVERSION = YES;
				CLANG_WARN_INFINITE_RECURSION = YES;
				CLANG_WARN_INT_CONVERSION = YES;
				CLANG_WARN_NON_LITERAL_NULL_CONVERSION = YES;
				CLANG_WARN_OBJC_LITERAL_CONVERSION = YES;
				CLANG_WARN_OBJC_ROOT_CLASS = YES_ERROR;
				CLANG_WARN_RANGE_LOOP_ANALYSIS = YES;
				CLANG_WARN_STRICT_PROTOTYPES = YES;
				CLANG_WARN_SUSPICIOUS_MOVE = YES;
				CLANG_WARN_UNGUARDED_AVAILABILITY = YES_AGGRESSIVE;
				CLANG_WARN_UNREACHABLE_CODE = YES;
				CLANG_WARN__DUPLICATE_METHOD_MATCH = YES;
				CODE_SIGN_IDENTITY = "Mac Developer";
				COPY_PHASE_STRIP = NO;
				DEBUG_INFORMATION_FORMAT = dwarf;
				ENABLE_STRICT_OBJC_MSGSEND = YES;
				ENABLE_TESTABILITY = YES;
				GCC_C_LANGUAGE_STANDARD = gnu11;
				GCC_DYNAMIC_NO_PIC = NO;
				GCC_NO_COMMON_BLOCKS = YES;
				GCC_OPTIMIZATION_LEVEL = 0;
				GCC_PREPROCESSOR_DEFINITIONS = (
					"DEBUG=1",
					"$(inherited)",
				);
				GCC_WARN_64_TO_32_BIT_CONVERSION = YES;
				GCC_WARN_ABOUT_RETURN_TYPE = YES_ERROR;
				GCC_WARN_UNDECLARED_SELECTOR = YES;
				GCC_WARN_UNINITIALIZED_AUTOS = YES_AGGRESSIVE;
				GCC_WARN_UNUSED_FUNCTION = YES;
				GCC_WARN_UNUSED_VARIABLE = YES;
				MACOSX_DEPLOYMENT_TARGET = 10.13;
				MTL_ENABLE_DEBUG_INFO = YES;
				ONLY_ACTIVE_ARCH = YES;
				SDKROOT = macosx;
				SWIFT_ACTIVE_COMPILATION_CONDITIONS = DEBUG;
				SWIFT_OPTIMIZATION_LEVEL = "-Onone";
			};
			name = Debug;
		};
		40F6443620300A8900AA7EF8 /* Release */ = {
			isa = XCBuildConfiguration;
			buildSettings = {
				ALWAYS_SEARCH_USER_PATHS = NO;
				CLANG_ANALYZER_NONNULL = YES;
				CLANG_ANALYZER_NUMBER_OBJECT_CONVERSION = YES_AGGRESSIVE;
				CLANG_CXX_LANGUAGE_STANDARD = "gnu++14";
				CLANG_CXX_LIBRARY = "libc++";
				CLANG_ENABLE_MODULES = YES;
				CLANG_ENABLE_OBJC_ARC = YES;
				CLANG_WARN_BLOCK_CAPTURE_AUTORELEASING = YES;
				CLANG_WARN_BOOL_CONVERSION = YES;
				CLANG_WARN_COMMA = YES;
				CLANG_WARN_CONSTANT_CONVERSION = YES;
				CLANG_WARN_DIRECT_OBJC_ISA_USAGE = YES_ERROR;
				CLANG_WARN_DOCUMENTATION_COMMENTS = YES;
				CLANG_WARN_EMPTY_BODY = YES;
				CLANG_WARN_ENUM_CONVERSION = YES;
				CLANG_WARN_INFINITE_RECURSION = YES;
				CLANG_WARN_INT_CONVERSION = YES;
				CLANG_WARN_NON_LITERAL_NULL_CONVERSION = YES;
				CLANG_WARN_OBJC_LITERAL_CONVERSION = YES;
				CLANG_WARN_OBJC_ROOT_CLASS = YES_ERROR;
				CLANG_WARN_RANGE_LOOP_ANALYSIS = YES;
				CLANG_WARN_STRICT_PROTOTYPES = YES;
				CLANG_WARN_SUSPICIOUS_MOVE = YES;
				CLANG_WARN_UNGUARDED_AVAILABILITY = YES_AGGRESSIVE;
				CLANG_WARN_UNREACHABLE_CODE = YES;
				CLANG_WARN__DUPLICATE_METHOD_MATCH = YES;
				CODE_SIGN_IDENTITY = "Mac Developer";
				COPY_PHASE_STRIP = NO;
				DEBUG_INFORMATION_FORMAT = "dwarf-with-dsym";
				ENABLE_NS_ASSERTIONS = NO;
				ENABLE_STRICT_OBJC_MSGSEND = YES;
				GCC_C_LANGUAGE_STANDARD = gnu11;
				GCC_NO_COMMON_BLOCKS = YES;
				GCC_WARN_64_TO_32_BIT_CONVERSION = YES;
				GCC_WARN_ABOUT_RETURN_TYPE = YES_ERROR;
				GCC_WARN_UNDECLARED_SELECTOR = YES;
				GCC_WARN_UNINITIALIZED_AUTOS = YES_AGGRESSIVE;
				GCC_WARN_UNUSED_FUNCTION = YES;
				GCC_WARN_UNUSED_VARIABLE = YES;
				MACOSX_DEPLOYMENT_TARGET = 10.13;
				MTL_ENABLE_DEBUG_INFO = NO;
				SDKROOT = macosx;
				SWIFT_OPTIMIZATION_LEVEL = "-Owholemodule";
			};
			name = Release;
		};
		40F6443820300A8900AA7EF8 /* Debug */ = {
			isa = XCBuildConfiguration;
			buildSettings = {
				CODE_SIGN_STYLE = Automatic;
				DEVELOPMENT_TEAM = 35DL4KA652;
				PRODUCT_NAME = "$(TARGET_NAME)";
				SWIFT_VERSION = 4.0;
			};
			name = Debug;
		};
		40F6443920300A8900AA7EF8 /* Release */ = {
			isa = XCBuildConfiguration;
			buildSettings = {
				CODE_SIGN_STYLE = Automatic;
				DEVELOPMENT_TEAM = 35DL4KA652;
				PRODUCT_NAME = "$(TARGET_NAME)";
				SWIFT_VERSION = 4.0;
			};
			name = Release;
		};
/* End XCBuildConfiguration section */

/* Begin XCConfigurationList section */
		402672922030340F00F50E48 /* Build configuration list for PBXNativeTarget "test_LR12" */ = {
			isa = XCConfigurationList;
			buildConfigurations = (
				402672932030340F00F50E48 /* Debug */,
				402672942030340F00F50E48 /* Release */,
			);
			defaultConfigurationIsVisible = 0;
			defaultConfigurationName = Release;
		};
		40F6442B20300A8900AA7EF8 /* Build configuration list for PBXProject "LR12" */ = {
			isa = XCConfigurationList;
			buildConfigurations = (
				40F6443520300A8900AA7EF8 /* Debug */,
				40F6443620300A8900AA7EF8 /* Release */,
			);
			defaultConfigurationIsVisible = 0;
			defaultConfigurationName = Release;
		};
		40F6443720300A8900AA7EF8 /* Build configuration list for PBXNativeTarget "LR12" */ = {
			isa = XCConfigurationList;
			buildConfigurations = (
				40F6443820300A8900AA7EF8 /* Debug */,
				40F6443920300A8900AA7EF8 /* Release */,
			);
			defaultConfigurationIsVisible = 0;
			defaultConfigurationName = Release;
		};
/* End XCConfigurationList section */
	};
	rootObject = 40F6442820300A8900AA7EF8 /* Project object */;
}
